// !$*UTF8*$!
{
	archiveVersion = 1;
	classes = {
	};
	objectVersion = 46;
	objects = {

/* Begin PBXBuildFile section */
		A2065DDF1D828FA70035DA07 /* main.m in Sources */ = {isa = PBXBuildFile; fileRef = A2065DDE1D828FA70035DA07 /* main.m */; };
		A2065DE21D828FA70035DA07 /* AppDelegate.m in Sources */ = {isa = PBXBuildFile; fileRef = A2065DE11D828FA70035DA07 /* AppDelegate.m */; };
		A2065DE51D828FA70035DA07 /* ViewController.m in Sources */ = {isa = PBXBuildFile; fileRef = A2065DE41D828FA70035DA07 /* ViewController.m */; };
		A2065DE81D828FA70035DA07 /* Main.storyboard in Resources */ = {isa = PBXBuildFile; fileRef = A2065DE61D828FA70035DA07 /* Main.storyboard */; };
		A2065DEA1D828FA70035DA07 /* Assets.xcassets in Resources */ = {isa = PBXBuildFile; fileRef = A2065DE91D828FA70035DA07 /* Assets.xcassets */; };
		A2065DED1D828FA70035DA07 /* LaunchScreen.storyboard in Resources */ = {isa = PBXBuildFile; fileRef = A2065DEB1D828FA70035DA07 /* LaunchScreen.storyboard */; };
		A2065DF81D828FA80035DA07 /* WordRecogios_NetworkingTests.m in Sources */ = {isa = PBXBuildFile; fileRef = A2065DF71D828FA80035DA07 /* WordRecogios_NetworkingTests.m */; };
		A2065E031D828FA80035DA07 /* WordRecogios_NetworkingUITests.m in Sources */ = {isa = PBXBuildFile; fileRef = A2065E021D828FA80035DA07 /* WordRecogios_NetworkingUITests.m */; };
		A2A84C061D82BAD50064F202 /* Main.storyboard in Resources */ = {isa = PBXBuildFile; fileRef = A2065DE61D828FA70035DA07 /* Main.storyboard */; };
		A2A84C071D82BAD60064F202 /* Main.storyboard in Resources */ = {isa = PBXBuildFile; fileRef = A2065DE61D828FA70035DA07 /* Main.storyboard */; };
		B31BA0A3988DF3E6B5AEF869 /* libPods-WordRecogios+Networking.a in Frameworks */ = {isa = PBXBuildFile; fileRef = BF9CE102B8A414CE2A2A8375 /* libPods-WordRecogios+Networking.a */; };
/* End PBXBuildFile section */

/* Begin PBXContainerItemProxy section */
		A2065DF41D828FA80035DA07 /* PBXContainerItemProxy */ = {
			isa = PBXContainerItemProxy;
			containerPortal = A2065DD21D828FA70035DA07 /* Project object */;
			proxyType = 1;
			remoteGlobalIDString = A2065DD91D828FA70035DA07;
			remoteInfo = "WordRecogios+Networking";
		};
		A2065DFF1D828FA80035DA07 /* PBXContainerItemProxy */ = {
			isa = PBXContainerItemProxy;
			containerPortal = A2065DD21D828FA70035DA07 /* Project object */;
			proxyType = 1;
			remoteGlobalIDString = A2065DD91D828FA70035DA07;
			remoteInfo = "WordRecogios+Networking";
		};
/* End PBXContainerItemProxy section */

/* Begin PBXFileReference section */
		102C83B4088239A25C1368F8 /* Pods-WordRecogios+Networking.debug.xcconfig */ = {isa = PBXFileReference; includeInIndex = 1; lastKnownFileType = text.xcconfig; name = "Pods-WordRecogios+Networking.debug.xcconfig"; path = "Pods/Target Support Files/Pods-WordRecogios+Networking/Pods-WordRecogios+Networking.debug.xcconfig"; sourceTree = "<group>"; };
		A2065DDA1D828FA70035DA07 /* WordRecogios+Networking.app */ = {isa = PBXFileReference; explicitFileType = wrapper.application; includeInIndex = 0; path = "WordRecogios+Networking.app"; sourceTree = BUILT_PRODUCTS_DIR; };
		A2065DDE1D828FA70035DA07 /* main.m */ = {isa = PBXFileReference; lastKnownFileType = sourcecode.c.objc; path = main.m; sourceTree = "<group>"; };
		A2065DE01D828FA70035DA07 /* AppDelegate.h */ = {isa = PBXFileReference; lastKnownFileType = sourcecode.c.h; path = AppDelegate.h; sourceTree = "<group>"; };
		A2065DE11D828FA70035DA07 /* AppDelegate.m */ = {isa = PBXFileReference; lastKnownFileType = sourcecode.c.objc; path = AppDelegate.m; sourceTree = "<group>"; };
		A2065DE31D828FA70035DA07 /* ViewController.h */ = {isa = PBXFileReference; lastKnownFileType = sourcecode.c.h; path = ViewController.h; sourceTree = "<group>"; };
		A2065DE41D828FA70035DA07 /* ViewController.m */ = {isa = PBXFileReference; lastKnownFileType = sourcecode.c.objc; path = ViewController.m; sourceTree = "<group>"; };
		A2065DE71D828FA70035DA07 /* Base */ = {isa = PBXFileReference; lastKnownFileType = file.storyboard; name = Base; path = Base.lproj/Main.storyboard; sourceTree = "<group>"; };
		A2065DE91D828FA70035DA07 /* Assets.xcassets */ = {isa = PBXFileReference; lastKnownFileType = folder.assetcatalog; path = Assets.xcassets; sourceTree = "<group>"; };
		A2065DEC1D828FA70035DA07 /* Base */ = {isa = PBXFileReference; lastKnownFileType = file.storyboard; name = Base; path = Base.lproj/LaunchScreen.storyboard; sourceTree = "<group>"; };
		A2065DEE1D828FA70035DA07 /* Info.plist */ = {isa = PBXFileReference; lastKnownFileType = text.plist.xml; path = Info.plist; sourceTree = "<group>"; };
		A2065DF31D828FA80035DA07 /* WordRecogios+NetworkingTests.xctest */ = {isa = PBXFileReference; explicitFileType = wrapper.cfbundle; includeInIndex = 0; path = "WordRecogios+NetworkingTests.xctest"; sourceTree = BUILT_PRODUCTS_DIR; };
		A2065DF71D828FA80035DA07 /* WordRecogios_NetworkingTests.m */ = {isa = PBXFileReference; lastKnownFileType = sourcecode.c.objc; path = WordRecogios_NetworkingTests.m; sourceTree = "<group>"; };
		A2065DF91D828FA80035DA07 /* Info.plist */ = {isa = PBXFileReference; lastKnownFileType = text.plist.xml; path = Info.plist; sourceTree = "<group>"; };
		A2065DFE1D828FA80035DA07 /* WordRecogios+NetworkingUITests.xctest */ = {isa = PBXFileReference; explicitFileType = wrapper.cfbundle; includeInIndex = 0; path = "WordRecogios+NetworkingUITests.xctest"; sourceTree = BUILT_PRODUCTS_DIR; };
		A2065E021D828FA80035DA07 /* WordRecogios_NetworkingUITests.m */ = {isa = PBXFileReference; lastKnownFileType = sourcecode.c.objc; path = WordRecogios_NetworkingUITests.m; sourceTree = "<group>"; };
		A2065E041D828FA80035DA07 /* Info.plist */ = {isa = PBXFileReference; lastKnownFileType = text.plist.xml; path = Info.plist; sourceTree = "<group>"; };
		BF9CE102B8A414CE2A2A8375 /* libPods-WordRecogios+Networking.a */ = {isa = PBXFileReference; explicitFileType = archive.ar; includeInIndex = 0; path = "libPods-WordRecogios+Networking.a"; sourceTree = BUILT_PRODUCTS_DIR; };
		D9D3B5DF2ADB32E0D54A56A8 /* Pods-WordRecogios+Networking.release.xcconfig */ = {isa = PBXFileReference; includeInIndex = 1; lastKnownFileType = text.xcconfig; name = "Pods-WordRecogios+Networking.release.xcconfig"; path = "Pods/Target Support Files/Pods-WordRecogios+Networking/Pods-WordRecogios+Networking.release.xcconfig"; sourceTree = "<group>"; };
/* End PBXFileReference section */

/* Begin PBXFrameworksBuildPhase section */
		A2065DD71D828FA70035DA07 /* Frameworks */ = {
			isa = PBXFrameworksBuildPhase;
			buildActionMask = 2147483647;
			files = (
				B31BA0A3988DF3E6B5AEF869 /* libPods-WordRecogios+Networking.a in Frameworks */,
			);
			runOnlyForDeploymentPostprocessing = 0;
		};
		A2065DF01D828FA80035DA07 /* Frameworks */ = {
			isa = PBXFrameworksBuildPhase;
			buildActionMask = 2147483647;
			files = (
			);
			runOnlyForDeploymentPostprocessing = 0;
		};
		A2065DFB1D828FA80035DA07 /* Frameworks */ = {
			isa = PBXFrameworksBuildPhase;
			buildActionMask = 2147483647;
			files = (
			);
			runOnlyForDeploymentPostprocessing = 0;
		};
/* End PBXFrameworksBuildPhase section */

/* Begin PBXGroup section */
		40928D6147F12EAE1CC4AD53 /* Pods */ = {
			isa = PBXGroup;
			children = (
				102C83B4088239A25C1368F8 /* Pods-WordRecogios+Networking.debug.xcconfig */,
				D9D3B5DF2ADB32E0D54A56A8 /* Pods-WordRecogios+Networking.release.xcconfig */,
			);
			name = Pods;
			sourceTree = "<group>";
		};
		8CC3D9B4A7F6ABB6912ED5DA /* Frameworks */ = {
			isa = PBXGroup;
			children = (
				BF9CE102B8A414CE2A2A8375 /* libPods-WordRecogios+Networking.a */,
			);
			name = Frameworks;
			sourceTree = "<group>";
		};
		A2065DD11D828FA70035DA07 = {
			isa = PBXGroup;
			children = (
				A2065DDC1D828FA70035DA07 /* WordRecogios+Networking */,
				A2065DF61D828FA80035DA07 /* WordRecogios+NetworkingTests */,
				A2065E011D828FA80035DA07 /* WordRecogios+NetworkingUITests */,
				A2065DDB1D828FA70035DA07 /* Products */,
				40928D6147F12EAE1CC4AD53 /* Pods */,
				8CC3D9B4A7F6ABB6912ED5DA /* Frameworks */,
			);
			sourceTree = "<group>";
		};
		A2065DDB1D828FA70035DA07 /* Products */ = {
			isa = PBXGroup;
			children = (
				A2065DDA1D828FA70035DA07 /* WordRecogios+Networking.app */,
				A2065DF31D828FA80035DA07 /* WordRecogios+NetworkingTests.xctest */,
				A2065DFE1D828FA80035DA07 /* WordRecogios+NetworkingUITests.xctest */,
			);
			name = Products;
			sourceTree = "<group>";
		};
		A2065DDC1D828FA70035DA07 /* WordRecogios+Networking */ = {
			isa = PBXGroup;
			children = (
				A2065DE01D828FA70035DA07 /* AppDelegate.h */,
				A2065DE11D828FA70035DA07 /* AppDelegate.m */,
				A2065DE31D828FA70035DA07 /* ViewController.h */,
				A2065DE41D828FA70035DA07 /* ViewController.m */,
				A2065DE61D828FA70035DA07 /* Main.storyboard */,
				A2065DE91D828FA70035DA07 /* Assets.xcassets */,
				A2065DEB1D828FA70035DA07 /* LaunchScreen.storyboard */,
				A2065DEE1D828FA70035DA07 /* Info.plist */,
				A2065DDD1D828FA70035DA07 /* Supporting Files */,
			);
			path = "WordRecogios+Networking";
			sourceTree = "<group>";
		};
		A2065DDD1D828FA70035DA07 /* Supporting Files */ = {
			isa = PBXGroup;
			children = (
				A2065DDE1D828FA70035DA07 /* main.m */,
			);
			name = "Supporting Files";
			sourceTree = "<group>";
		};
		A2065DF61D828FA80035DA07 /* WordRecogios+NetworkingTests */ = {
			isa = PBXGroup;
			children = (
				A2065DF71D828FA80035DA07 /* WordRecogios_NetworkingTests.m */,
				A2065DF91D828FA80035DA07 /* Info.plist */,
			);
			path = "WordRecogios+NetworkingTests";
			sourceTree = "<group>";
		};
		A2065E011D828FA80035DA07 /* WordRecogios+NetworkingUITests */ = {
			isa = PBXGroup;
			children = (
				A2065E021D828FA80035DA07 /* WordRecogios_NetworkingUITests.m */,
				A2065E041D828FA80035DA07 /* Info.plist */,
			);
			path = "WordRecogios+NetworkingUITests";
			sourceTree = "<group>";
		};
/* End PBXGroup section */

/* Begin PBXNativeTarget section */
		A2065DD91D828FA70035DA07 /* WordRecogios+Networking */ = {
			isa = PBXNativeTarget;
			buildConfigurationList = A2065E071D828FA80035DA07 /* Build configuration list for PBXNativeTarget "WordRecogios+Networking" */;
			buildPhases = (
				A7569F5803A2A49FF5018319 /* [CP] Check Pods Manifest.lock */,
				A2065DD61D828FA70035DA07 /* Sources */,
				A2065DD71D828FA70035DA07 /* Frameworks */,
				A2065DD81D828FA70035DA07 /* Resources */,
				A7B41066DA23A8CE11A5B88A /* [CP] Embed Pods Frameworks */,
				BB2618CAFFA8E974FAF9987A /* [CP] Copy Pods Resources */,
			);
			buildRules = (
			);
			dependencies = (
			);
			name = "WordRecogios+Networking";
			productName = "WordRecogios+Networking";
			productReference = A2065DDA1D828FA70035DA07 /* WordRecogios+Networking.app */;
			productType = "com.apple.product-type.application";
		};
		A2065DF21D828FA80035DA07 /* WordRecogios+NetworkingTests */ = {
			isa = PBXNativeTarget;
			buildConfigurationList = A2065E0A1D828FA80035DA07 /* Build configuration list for PBXNativeTarget "WordRecogios+NetworkingTests" */;
			buildPhases = (
				A2065DEF1D828FA80035DA07 /* Sources */,
				A2065DF01D828FA80035DA07 /* Frameworks */,
				A2065DF11D828FA80035DA07 /* Resources */,
			);
			buildRules = (
			);
			dependencies = (
				A2065DF51D828FA80035DA07 /* PBXTargetDependency */,
			);
			name = "WordRecogios+NetworkingTests";
			productName = "WordRecogios+NetworkingTests";
			productReference = A2065DF31D828FA80035DA07 /* WordRecogios+NetworkingTests.xctest */;
			productType = "com.apple.product-type.bundle.unit-test";
		};
		A2065DFD1D828FA80035DA07 /* WordRecogios+NetworkingUITests */ = {
			isa = PBXNativeTarget;
			buildConfigurationList = A2065E0D1D828FA80035DA07 /* Build configuration list for PBXNativeTarget "WordRecogios+NetworkingUITests" */;
			buildPhases = (
				A2065DFA1D828FA80035DA07 /* Sources */,
				A2065DFB1D828FA80035DA07 /* Frameworks */,
				A2065DFC1D828FA80035DA07 /* Resources */,
			);
			buildRules = (
			);
			dependencies = (
				A2065E001D828FA80035DA07 /* PBXTargetDependency */,
			);
			name = "WordRecogios+NetworkingUITests";
			productName = "WordRecogios+NetworkingUITests";
			productReference = A2065DFE1D828FA80035DA07 /* WordRecogios+NetworkingUITests.xctest */;
			productType = "com.apple.product-type.bundle.ui-testing";
		};
/* End PBXNativeTarget section */

/* Begin PBXProject section */
		A2065DD21D828FA70035DA07 /* Project object */ = {
			isa = PBXProject;
			attributes = {
				LastUpgradeCheck = 0720;
				ORGANIZATIONNAME = "Denise Wong";
				TargetAttributes = {
					A2065DD91D828FA70035DA07 = {
						CreatedOnToolsVersion = 7.2.1;
					};
					A2065DF21D828FA80035DA07 = {
						CreatedOnToolsVersion = 7.2.1;
						TestTargetID = A2065DD91D828FA70035DA07;
					};
					A2065DFD1D828FA80035DA07 = {
						CreatedOnToolsVersion = 7.2.1;
						TestTargetID = A2065DD91D828FA70035DA07;
					};
				};
			};
			buildConfigurationList = A2065DD51D828FA70035DA07 /* Build configuration list for PBXProject "WordRecogios+Networking" */;
			compatibilityVersion = "Xcode 3.2";
			developmentRegion = English;
			hasScannedForEncodings = 0;
			knownRegions = (
				en,
				Base,
			);
			mainGroup = A2065DD11D828FA70035DA07;
			productRefGroup = A2065DDB1D828FA70035DA07 /* Products */;
			projectDirPath = "";
			projectRoot = "";
			targets = (
				A2065DD91D828FA70035DA07 /* WordRecogios+Networking */,
				A2065DF21D828FA80035DA07 /* WordRecogios+NetworkingTests */,
				A2065DFD1D828FA80035DA07 /* WordRecogios+NetworkingUITests */,
			);
		};
/* End PBXProject section */

/* Begin PBXResourcesBuildPhase section */
		A2065DD81D828FA70035DA07 /* Resources */ = {
			isa = PBXResourcesBuildPhase;
			buildActionMask = 2147483647;
			files = (
				A2065DED1D828FA70035DA07 /* LaunchScreen.storyboard in Resources */,
				A2065DEA1D828FA70035DA07 /* Assets.xcassets in Resources */,
				A2065DE81D828FA70035DA07 /* Main.storyboard in Resources */,
			);
			runOnlyForDeploymentPostprocessing = 0;
		};
		A2065DF11D828FA80035DA07 /* Resources */ = {
			isa = PBXResourcesBuildPhase;
			buildActionMask = 2147483647;
			files = (
				A2A84C061D82BAD50064F202 /* Main.storyboard in Resources */,
			);
			runOnlyForDeploymentPostprocessing = 0;
		};
		A2065DFC1D828FA80035DA07 /* Resources */ = {
			isa = PBXResourcesBuildPhase;
			buildActionMask = 2147483647;
			files = (
				A2A84C071D82BAD60064F202 /* Main.storyboard in Resources */,
			);
			runOnlyForDeploymentPostprocessing = 0;
		};
/* End PBXResourcesBuildPhase section */

/* Begin PBXShellScriptBuildPhase section */
		A7569F5803A2A49FF5018319 /* [CP] Check Pods Manifest.lock */ = {
			isa = PBXShellScriptBuildPhase;
			buildActionMask = 2147483647;
			files = (
			);
			inputPaths = (
			);
			name = "[CP] Check Pods Manifest.lock";
			outputPaths = (
			);
			runOnlyForDeploymentPostprocessing = 0;
			shellPath = /bin/sh;
			shellScript = "diff \"${PODS_ROOT}/../Podfile.lock\" \"${PODS_ROOT}/Manifest.lock\" > /dev/null\nif [[ $? != 0 ]] ; then\n    cat << EOM\nerror: The sandbox is not in sync with the Podfile.lock. Run 'pod install' or update your CocoaPods installation.\nEOM\n    exit 1\nfi\n";
			showEnvVarsInLog = 0;
		};
		A7B41066DA23A8CE11A5B88A /* [CP] Embed Pods Frameworks */ = {
			isa = PBXShellScriptBuildPhase;
			buildActionMask = 2147483647;
			files = (
			);
			inputPaths = (
			);
			name = "[CP] Embed Pods Frameworks";
			outputPaths = (
			);
			runOnlyForDeploymentPostprocessing = 0;
			shellPath = /bin/sh;
			shellScript = "\"${SRCROOT}/Pods/Target Support Files/Pods-WordRecogios+Networking/Pods-WordRecogios+Networking-frameworks.sh\"\n";
			showEnvVarsInLog = 0;
		};
		BB2618CAFFA8E974FAF9987A /* [CP] Copy Pods Resources */ = {
			isa = PBXShellScriptBuildPhase;
			buildActionMask = 2147483647;
			files = (
			);
			inputPaths = (
			);
			name = "[CP] Copy Pods Resources";
			outputPaths = (
			);
			runOnlyForDeploymentPostprocessing = 0;
			shellPath = /bin/sh;
			shellScript = "\"${SRCROOT}/Pods/Target Support Files/Pods-WordRecogios+Networking/Pods-WordRecogios+Networking-resources.sh\"\n";
			showEnvVarsInLog = 0;
		};
/* End PBXShellScriptBuildPhase section */

/* Begin PBXSourcesBuildPhase section */
		A2065DD61D828FA70035DA07 /* Sources */ = {
			isa = PBXSourcesBuildPhase;
			buildActionMask = 2147483647;
			files = (
				A2065DE51D828FA70035DA07 /* ViewController.m in Sources */,
				A2065DE21D828FA70035DA07 /* AppDelegate.m in Sources */,
				A2065DDF1D828FA70035DA07 /* main.m in Sources */,
			);
			runOnlyForDeploymentPostprocessing = 0;
		};
		A2065DEF1D828FA80035DA07 /* Sources */ = {
			isa = PBXSourcesBuildPhase;
			buildActionMask = 2147483647;
			files = (
				A2065DF81D828FA80035DA07 /* WordRecogios_NetworkingTests.m in Sources */,
			);
			runOnlyForDeploymentPostprocessing = 0;
		};
		A2065DFA1D828FA80035DA07 /* Sources */ = {
			isa = PBXSourcesBuildPhase;
			buildActionMask = 2147483647;
			files = (
				A2065E031D828FA80035DA07 /* WordRecogios_NetworkingUITests.m in Sources */,
			);
			runOnlyForDeploymentPostprocessing = 0;
		};
/* End PBXSourcesBuildPhase section */

/* Begin PBXTargetDependency section */
		A2065DF51D828FA80035DA07 /* PBXTargetDependency */ = {
			isa = PBXTargetDependency;
			target = A2065DD91D828FA70035DA07 /* WordRecogios+Networking */;
			targetProxy = A2065DF41D828FA80035DA07 /* PBXContainerItemProxy */;
		};
		A2065E001D828FA80035DA07 /* PBXTargetDependency */ = {
			isa = PBXTargetDependency;
			target = A2065DD91D828FA70035DA07 /* WordRecogios+Networking */;
			targetProxy = A2065DFF1D828FA80035DA07 /* PBXContainerItemProxy */;
		};
/* End PBXTargetDependency section */

/* Begin PBXVariantGroup section */
		A2065DE61D828FA70035DA07 /* Main.storyboard */ = {
			isa = PBXVariantGroup;
			children = (
				A2065DE71D828FA70035DA07 /* Base */,
			);
			name = Main.storyboard;
			sourceTree = "<group>";
		};
		A2065DEB1D828FA70035DA07 /* LaunchScreen.storyboard */ = {
			isa = PBXVariantGroup;
			children = (
				A2065DEC1D828FA70035DA07 /* Base */,
			);
			name = LaunchScreen.storyboard;
			sourceTree = "<group>";
		};
/* End PBXVariantGroup section */

/* Begin XCBuildConfiguration section */
		A2065E051D828FA80035DA07 /* Debug */ = {
			isa = XCBuildConfiguration;
			buildSettings = {
				ALWAYS_SEARCH_USER_PATHS = NO;
				CLANG_CXX_LANGUAGE_STANDARD = "gnu++0x";
				CLANG_CXX_LIBRARY = "libc++";
				CLANG_ENABLE_MODULES = YES;
				CLANG_ENABLE_OBJC_ARC = YES;
				CLANG_WARN_BOOL_CONVERSION = YES;
				CLANG_WARN_CONSTANT_CONVERSION = YES;
				CLANG_WARN_DIRECT_OBJC_ISA_USAGE = YES_ERROR;
				CLANG_WARN_EMPTY_BODY = YES;
				CLANG_WARN_ENUM_CONVERSION = YES;
				CLANG_WARN_INT_CONVERSION = YES;
				CLANG_WARN_OBJC_ROOT_CLASS = YES_ERROR;
				CLANG_WARN_UNREACHABLE_CODE = YES;
				CLANG_WARN__DUPLICATE_METHOD_MATCH = YES;
				"CODE_SIGN_IDENTITY[sdk=iphoneos*]" = "iPhone Developer";
				COPY_PHASE_STRIP = NO;
				DEBUG_INFORMATION_FORMAT = dwarf;
				ENABLE_STRICT_OBJC_MSGSEND = YES;
				ENABLE_TESTABILITY = YES;
				GCC_C_LANGUAGE_STANDARD = gnu99;
				GCC_DYNAMIC_NO_PIC = NO;
				GCC_NO_COMMON_BLOCKS = YES;
				GCC_OPTIMIZATION_LEVEL = 0;
				GCC_PREPROCESSOR_DEFINITIONS = (
					"DEBUG=1",
					"$(inherited)",
				);
				GCC_WARN_64_TO_32_BIT_CONVERSION = YES;
				GCC_WARN_ABOUT_RETURN_TYPE = YES_ERROR;
				GCC_WARN_UNDECLARED_SELECTOR = YES;
				GCC_WARN_UNINITIALIZED_AUTOS = YES_AGGRESSIVE;
				GCC_WARN_UNUSED_FUNCTION = YES;
				GCC_WARN_UNUSED_VARIABLE = YES;
				IPHONEOS_DEPLOYMENT_TARGET = 9.2;
				MTL_ENABLE_DEBUG_INFO = YES;
				ONLY_ACTIVE_ARCH = YES;
				SDKROOT = iphoneos;
			};
			name = Debug;
		};
		A2065E061D828FA80035DA07 /* Release */ = {
			isa = XCBuildConfiguration;
			buildSettings = {
				ALWAYS_SEARCH_USER_PATHS = NO;
				CLANG_CXX_LANGUAGE_STANDARD = "gnu++0x";
				CLANG_CXX_LIBRARY = "libc++";
				CLANG_ENABLE_MODULES = YES;
				CLANG_ENABLE_OBJC_ARC = YES;
				CLANG_WARN_BOOL_CONVERSION = YES;
				CLANG_WARN_CONSTANT_CONVERSION = YES;
				CLANG_WARN_DIRECT_OBJC_ISA_USAGE = YES_ERROR;
				CLANG_WARN_EMPTY_BODY = YES;
				CLANG_WARN_ENUM_CONVERSION = YES;
				CLANG_WARN_INT_CONVERSION = YES;
				CLANG_WARN_OBJC_ROOT_CLASS = YES_ERROR;
				CLANG_WARN_UNREACHABLE_CODE = YES;
				CLANG_WARN__DUPLICATE_METHOD_MATCH = YES;
				"CODE_SIGN_IDENTITY[sdk=iphoneos*]" = "iPhone Developer";
				COPY_PHASE_STRIP = NO;
				DEBUG_INFORMATION_FORMAT = "dwarf-with-dsym";
				ENABLE_NS_ASSERTIONS = NO;
				ENABLE_STRICT_OBJC_MSGSEND = YES;
				GCC_C_LANGUAGE_STANDARD = gnu99;
				GCC_NO_COMMON_BLOCKS = YES;
				GCC_WARN_64_TO_32_BIT_CONVERSION = YES;
				GCC_WARN_ABOUT_RETURN_TYPE = YES_ERROR;
				GCC_WARN_UNDECLARED_SELECTOR = YES;
				GCC_WARN_UNINITIALIZED_AUTOS = YES_AGGRESSIVE;
				GCC_WARN_UNUSED_FUNCTION = YES;
				GCC_WARN_UNUSED_VARIABLE = YES;
				IPHONEOS_DEPLOYMENT_TARGET = 9.2;
				MTL_ENABLE_DEBUG_INFO = NO;
				SDKROOT = iphoneos;
				VALIDATE_PRODUCT = YES;
			};
			name = Release;
		};
		A2065E081D828FA80035DA07 /* Debug */ = {
			isa = XCBuildConfiguration;
			baseConfigurationReference = 102C83B4088239A25C1368F8 /* Pods-WordRecogios+Networking.debug.xcconfig */;
			buildSettings = {
				ASSETCATALOG_COMPILER_APPICON_NAME = AppIcon;
				INFOPLIST_FILE = "WordRecogios+Networking/Info.plist";
				LD_RUNPATH_SEARCH_PATHS = "$(inherited) @executable_path/Frameworks";
				PRODUCT_BUNDLE_IDENTIFIER = "Denise-Wong.WordRecogios-Networking";
				PRODUCT_NAME = "$(TARGET_NAME)";
			};
			name = Debug;
		};
		A2065E091D828FA80035DA07 /* Release */ = {
			isa = XCBuildConfiguration;
			baseConfigurationReference = D9D3B5DF2ADB32E0D54A56A8 /* Pods-WordRecogios+Networking.release.xcconfig */;
			buildSettings = {
				ASSETCATALOG_COMPILER_APPICON_NAME = AppIcon;
				INFOPLIST_FILE = "WordRecogios+Networking/Info.plist";
				LD_RUNPATH_SEARCH_PATHS = "$(inherited) @executable_path/Frameworks";
				PRODUCT_BUNDLE_IDENTIFIER = "Denise-Wong.WordRecogios-Networking";
				PRODUCT_NAME = "$(TARGET_NAME)";
			};
			name = Release;
		};
		A2065E0B1D828FA80035DA07 /* Debug */ = {
			isa = XCBuildConfiguration;
			buildSettings = {
				BUNDLE_LOADER = "$(TEST_HOST)";
				INFOPLIST_FILE = "WordRecogios+NetworkingTests/Info.plist";
				LD_RUNPATH_SEARCH_PATHS = "$(inherited) @executable_path/Frameworks @loader_path/Frameworks";
				PRODUCT_BUNDLE_IDENTIFIER = "Denise-Wong.WordRecogios-NetworkingTests";
				PRODUCT_NAME = "$(TARGET_NAME)";
				TEST_HOST = "$(BUILT_PRODUCTS_DIR)/WordRecogios+Networking.app/WordRecogios+Networking";
			};
			name = Debug;
		};
		A2065E0C1D828FA80035DA07 /* Release */ = {
			isa = XCBuildConfiguration;
			buildSettings = {
				BUNDLE_LOADER = "$(TEST_HOST)";
				INFOPLIST_FILE = "WordRecogios+NetworkingTests/Info.plist";
				LD_RUNPATH_SEARCH_PATHS = "$(inherited) @executable_path/Frameworks @loader_path/Frameworks";
				PRODUCT_BUNDLE_IDENTIFIER = "Denise-Wong.WordRecogios-NetworkingTests";
				PRODUCT_NAME = "$(TARGET_NAME)";
				TEST_HOST = "$(BUILT_PRODUCTS_DIR)/WordRecogios+Networking.app/WordRecogios+Networking";
			};
			name = Release;
		};
		A2065E0E1D828FA80035DA07 /* Debug */ = {
			isa = XCBuildConfiguration;
			buildSettings = {
				INFOPLIST_FILE = "WordRecogios+NetworkingUITests/Info.plist";
				LD_RUNPATH_SEARCH_PATHS = "$(inherited) @executable_path/Frameworks @loader_path/Frameworks";
				PRODUCT_BUNDLE_IDENTIFIER = "Denise-Wong.WordRecogios-NetworkingUITests";
				PRODUCT_NAME = "$(TARGET_NAME)";
				TEST_TARGET_NAME = "WordRecogios+Networking";
				USES_XCTRUNNER = YES;
			};
			name = Debug;
		};
		A2065E0F1D828FA80035DA07 /* Release */ = {
			isa = XCBuildConfiguration;
			buildSettings = {
				INFOPLIST_FILE = "WordRecogios+NetworkingUITests/Info.plist";
				LD_RUNPATH_SEARCH_PATHS = "$(inherited) @executable_path/Frameworks @loader_path/Frameworks";
				PRODUCT_BUNDLE_IDENTIFIER = "Denise-Wong.WordRecogios-NetworkingUITests";
				PRODUCT_NAME = "$(TARGET_NAME)";
				TEST_TARGET_NAME = "WordRecogios+Networking";
				USES_XCTRUNNER = YES;
			};
			name = Release;
		};
/* End XCBuildConfiguration section */

/* Begin XCConfigurationList section */
		A2065DD51D828FA70035DA07 /* Build configuration list for PBXProject "WordRecogios+Networking" */ = {
			isa = XCConfigurationList;
			buildConfigurations = (
				A2065E051D828FA80035DA07 /* Debug */,
				A2065E061D828FA80035DA07 /* Release */,
			);
			defaultConfigurationIsVisible = 0;
			defaultConfigurationName = Release;
		};
		A2065E071D828FA80035DA07 /* Build configuration list for PBXNativeTarget "WordRecogios+Networking" */ = {
			isa = XCConfigurationList;
			buildConfigurations = (
				A2065E081D828FA80035DA07 /* Debug */,
				A2065E091D828FA80035DA07 /* Release */,
			);
			defaultConfigurationIsVisible = 0;
			defaultConfigurationName = Release;
		};
		A2065E0A1D828FA80035DA07 /* Build configuration list for PBXNativeTarget "WordRecogios+NetworkingTests" */ = {
			isa = XCConfigurationList;
			buildConfigurations = (
				A2065E0B1D828FA80035DA07 /* Debug */,
				A2065E0C1D828FA80035DA07 /* Release */,
			);
			defaultConfigurationIsVisible = 0;
			defaultConfigurationName = Release;
		};
		A2065E0D1D828FA80035DA07 /* Build configuration list for PBXNativeTarget "WordRecogios+NetworkingUITests" */ = {
			isa = XCConfigurationList;
			buildConfigurations = (
				A2065E0E1D828FA80035DA07 /* Debug */,
				A2065E0F1D828FA80035DA07 /* Release */,
			);
			defaultConfigurationIsVisible = 0;
			defaultConfigurationName = Release;
		};
/* End XCConfigurationList section */
	};
	rootObject = A2065DD21D828FA70035DA07 /* Project object */;
}
